
Microsoft Visual Studio Solution File, Format Version 12.00
# Visual Studio Version 17
VisualStudioVersion = 17.0.31903.59
MinimumVisualStudioVersion = 10.0.40219.1
Project("{2150E333-8FDC-42A3-9474-1A3956D46DE8}") = "src", "src", "{827E0CD3-B72D-47B6-A68D-7590B98EB39B}"
EndProject
Project("{FAE04EC0-301F-11D3-BF4B-00C04F79EFBC}") = "CarlaNet.Types", "src\CarlaNet.Types\CarlaNet.Types.csproj", "{C3A03C28-8492-463E-B45F-DE1BCFC1CAB5}"
EndProject
Project("{FAE04EC0-301F-11D3-BF4B-00C04F79EFBC}") = "CarlaNet.Transport", "src\CarlaNet.Transport\CarlaNet.Transport.csproj", "{B374EA69-3880-4D91-8AB3-9838F1C8E71A}"
EndProject
Project("{FAE04EC0-301F-11D3-BF4B-00C04F79EFBC}") = "CarlaNet.Sensors", "src\CarlaNet.Sensors\CarlaNet.Sensors.csproj", "{CD2BCF4A-52EF-4868-895E-2C35B48B5EA2}"
EndProject
Project("{FAE04EC0-301F-11D3-BF4B-00C04F79EFBC}") = "CarlaNet.Python", "src\CarlaNet.Python\CarlaNet.Python.csproj", "{A15E6303-6056-41E4-ADF0-F5B16F63175E}"
EndProject
Project("{2150E333-8FDC-42A3-9474-1A3956D46DE8}") = "test", "test", "{0C88DD14-F956-CE84-757C-A364CCF449FC}"
EndProject
Project("{FAE04EC0-301F-11D3-BF4B-00C04F79EFBC}") = "CarlaNet.Smoke", "test\CarlaNet.Smoke\CarlaNet.Smoke.csproj", "{D0DA6114-A0BB-4572-82E7-2C0EFBF88582}"
EndProject
Project("{FAE04EC0-301F-11D3-BF4B-00C04F79EFBC}") = "CarlaNet.Tests", "test\CarlaNet.Tests\CarlaNet.Tests.csproj", "{4683B2D0-D592-4450-A38B-3E2A892ED5C7}"
EndProject
Project("{FAE04EC0-301F-11D3-BF4B-00C04F79EFBC}") = "CarlaNet.Map", "src\CarlaNet.Map\CarlaNet.Map.csproj", "{3704B434-9CA3-4632-B301-1A9D1E6ACD15}"
EndProject
Project("{FAE04EC0-301F-11D3-BF4B-00C04F79EFBC}") = "CarlaNet.TrafficManager", "src\CarlaNet.TrafficManager\CarlaNet.TrafficManager.csproj", "{1BEF910D-EE08-4CF1-8038-7707ED3BFBAB}"
EndProject
Project("{FAE04EC0-301F-11D3-BF4B-00C04F79EFBC}") = "CarlaNet.Nav", "src\CarlaNet.Nav\CarlaNet.Nav.csproj", "{8077623B-FD2A-4DE8-9FF4-FFCB41E1B595}"
EndProject
Global
	GlobalSection(SolutionConfigurationPlatforms) = preSolution
		Debug|Any CPU = Debug|Any CPU
		Debug|x64 = Debug|x64
		Debug|x86 = Debug|x86
		Release|Any CPU = Release|Any CPU
		Release|x64 = Release|x64
		Release|x86 = Release|x86
	EndGlobalSection
	GlobalSection(ProjectConfigurationPlatforms) = postSolution
		{C3A03C28-8492-463E-B45F-DE1BCFC1CAB5}.Debug|Any CPU.ActiveCfg = Debug|Any CPU
		{C3A03C28-8492-463E-B45F-DE1BCFC1CAB5}.Debug|Any CPU.Build.0 = Debug|Any CPU
		{C3A03C28-8492-463E-B45F-DE1BCFC1CAB5}.Debug|x64.ActiveCfg = Debug|Any CPU
		{C3A03C28-8492-463E-B45F-DE1BCFC1CAB5}.Debug|x64.Build.0 = Debug|Any CPU
		{C3A03C28-8492-463E-B45F-DE1BCFC1CAB5}.Debug|x86.ActiveCfg = Debug|Any CPU
		{C3A03C28-8492-463E-B45F-DE1BCFC1CAB5}.Debug|x86.Build.0 = Debug|Any CPU
		{C3A03C28-8492-463E-B45F-DE1BCFC1CAB5}.Release|Any CPU.ActiveCfg = Release|Any CPU
		{C3A03C28-8492-463E-B45F-DE1BCFC1CAB5}.Release|Any CPU.Build.0 = Release|Any CPU
		{C3A03C28-8492-463E-B45F-DE1BCFC1CAB5}.Release|x64.ActiveCfg = Release|Any CPU
		{C3A03C28-8492-463E-B45F-DE1BCFC1CAB5}.Release|x64.Build.0 = Release|Any CPU
		{C3A03C28-8492-463E-B45F-DE1BCFC1CAB5}.Release|x86.ActiveCfg = Release|Any CPU
		{C3A03C28-8492-463E-B45F-DE1BCFC1CAB5}.Release|x86.Build.0 = Release|Any CPU
		{B374EA69-3880-4D91-8AB3-9838F1C8E71A}.Debug|Any CPU.ActiveCfg = Debug|Any CPU
		{B374EA69-3880-4D91-8AB3-9838F1C8E71A}.Debug|Any CPU.Build.0 = Debug|Any CPU
		{B374EA69-3880-4D91-8AB3-9838F1C8E71A}.Debug|x64.ActiveCfg = Debug|Any CPU
		{B374EA69-3880-4D91-8AB3-9838F1C8E71A}.Debug|x64.Build.0 = Debug|Any CPU
		{B374EA69-3880-4D91-8AB3-9838F1C8E71A}.Debug|x86.ActiveCfg = Debug|Any CPU
		{B374EA69-3880-4D91-8AB3-9838F1C8E71A}.Debug|x86.Build.0 = Debug|Any CPU
		{B374EA69-3880-4D91-8AB3-9838F1C8E71A}.Release|Any CPU.ActiveCfg = Release|Any CPU
		{B374EA69-3880-4D91-8AB3-9838F1C8E71A}.Release|Any CPU.Build.0 = Release|Any CPU
		{B374EA69-3880-4D91-8AB3-9838F1C8E71A}.Release|x64.ActiveCfg = Release|Any CPU
		{B374EA69-3880-4D91-8AB3-9838F1C8E71A}.Release|x64.Build.0 = Release|Any CPU
		{B374EA69-3880-4D91-8AB3-9838F1C8E71A}.Release|x86.ActiveCfg = Release|Any CPU
		{B374EA69-3880-4D91-8AB3-9838F1C8E71A}.Release|x86.Build.0 = Release|Any CPU
		{CD2BCF4A-52EF-4868-895E-2C35B48B5EA2}.Debug|Any CPU.ActiveCfg = Debug|Any CPU
		{CD2BCF4A-52EF-4868-895E-2C35B48B5EA2}.Debug|Any CPU.Build.0 = Debug|Any CPU
		{CD2BCF4A-52EF-4868-895E-2C35B48B5EA2}.Debug|x64.ActiveCfg = Debug|Any CPU
		{CD2BCF4A-52EF-4868-895E-2C35B48B5EA2}.Debug|x64.Build.0 = Debug|Any CPU
		{CD2BCF4A-52EF-4868-895E-2C35B48B5EA2}.Debug|x86.ActiveCfg = Debug|Any CPU
		{CD2BCF4A-52EF-4868-895E-2C35B48B5EA2}.Debug|x86.Build.0 = Debug|Any CPU
		{CD2BCF4A-52EF-4868-895E-2C35B48B5EA2}.Release|Any CPU.ActiveCfg = Release|Any CPU
		{CD2BCF4A-52EF-4868-895E-2C35B48B5EA2}.Release|Any CPU.Build.0 = Release|Any CPU
		{CD2BCF4A-52EF-4868-895E-2C35B48B5EA2}.Release|x64.ActiveCfg = Release|Any CPU
		{CD2BCF4A-52EF-4868-895E-2C35B48B5EA2}.Release|x64.Build.0 = Release|Any CPU
		{CD2BCF4A-52EF-4868-895E-2C35B48B5EA2}.Release|x86.ActiveCfg = Release|Any CPU
		{CD2BCF4A-52EF-4868-895E-2C35B48B5EA2}.Release|x86.Build.0 = Release|Any CPU
		{A15E6303-6056-41E4-ADF0-F5B16F63175E}.Debug|Any CPU.ActiveCfg = Debug|Any CPU
		{A15E6303-6056-41E4-ADF0-F5B16F63175E}.Debug|Any CPU.Build.0 = Debug|Any CPU
		{A15E6303-6056-41E4-ADF0-F5B16F63175E}.Debug|x64.ActiveCfg = Debug|Any CPU
		{A15E6303-6056-41E4-ADF0-F5B16F63175E}.Debug|x64.Build.0 = Debug|Any CPU
		{A15E6303-6056-41E4-ADF0-F5B16F63175E}.Debug|x86.ActiveCfg = Debug|Any CPU
		{A15E6303-6056-41E4-ADF0-F5B16F63175E}.Debug|x86.Build.0 = Debug|Any CPU
		{A15E6303-6056-41E4-ADF0-F5B16F63175E}.Release|Any CPU.ActiveCfg = Release|Any CPU
		{A15E6303-6056-41E4-ADF0-F5B16F63175E}.Release|Any CPU.Build.0 = Release|Any CPU
		{A15E6303-6056-41E4-ADF0-F5B16F63175E}.Release|x64.ActiveCfg = Release|Any CPU
		{A15E6303-6056-41E4-ADF0-F5B16F63175E}.Release|x64.Build.0 = Release|Any CPU
		{A15E6303-6056-41E4-ADF0-F5B16F63175E}.Release|x86.ActiveCfg = Release|Any CPU
		{A15E6303-6056-41E4-ADF0-F5B16F63175E}.Release|x86.Build.0 = Release|Any CPU
		{D0DA6114-A0BB-4572-82E7-2C0EFBF88582}.Debug|Any CPU.ActiveCfg = Debug|Any CPU
		{D0DA6114-A0BB-4572-82E7-2C0EFBF88582}.Debug|Any CPU.Build.0 = Debug|Any CPU
		{D0DA6114-A0BB-4572-82E7-2C0EFBF88582}.Debug|x64.ActiveCfg = Debug|Any CPU
		{D0DA6114-A0BB-4572-82E7-2C0EFBF88582}.Debug|x64.Build.0 = Debug|Any CPU
		{D0DA6114-A0BB-4572-82E7-2C0EFBF88582}.Debug|x86.ActiveCfg = Debug|Any CPU
		{D0DA6114-A0BB-4572-82E7-2C0EFBF88582}.Debug|x86.Build.0 = Debug|Any CPU
		{D0DA6114-A0BB-4572-82E7-2C0EFBF88582}.Release|Any CPU.ActiveCfg = Release|Any CPU
		{D0DA6114-A0BB-4572-82E7-2C0EFBF88582}.Release|Any CPU.Build.0 = Release|Any CPU
		{D0DA6114-A0BB-4572-82E7-2C0EFBF88582}.Release|x64.ActiveCfg = Release|Any CPU
		{D0DA6114-A0BB-4572-82E7-2C0EFBF88582}.Release|x64.Build.0 = Release|Any CPU
		{D0DA6114-A0BB-4572-82E7-2C0EFBF88582}.Release|x86.ActiveCfg = Release|Any CPU
		{D0DA6114-A0BB-4572-82E7-2C0EFBF88582}.Release|x86.Build.0 = Release|Any CPU
		{4683B2D0-D592-4450-A38B-3E2A892ED5C7}.Debug|Any CPU.ActiveCfg = Debug|Any CPU
		{4683B2D0-D592-4450-A38B-3E2A892ED5C7}.Debug|Any CPU.Build.0 = Debug|Any CPU
		{4683B2D0-D592-4450-A38B-3E2A892ED5C7}.Debug|x64.ActiveCfg = Debug|Any CPU
		{4683B2D0-D592-4450-A38B-3E2A892ED5C7}.Debug|x64.Build.0 = Debug|Any CPU
		{4683B2D0-D592-4450-A38B-3E2A892ED5C7}.Debug|x86.ActiveCfg = Debug|Any CPU
		{4683B2D0-D592-4450-A38B-3E2A892ED5C7}.Debug|x86.Build.0 = Debug|Any CPU
		{4683B2D0-D592-4450-A38B-3E2A892ED5C7}.Release|Any CPU.ActiveCfg = Release|Any CPU
		{4683B2D0-D592-4450-A38B-3E2A892ED5C7}.Release|Any CPU.Build.0 = Release|Any CPU
		{4683B2D0-D592-4450-A38B-3E2A892ED5C7}.Release|x64.ActiveCfg = Release|Any CPU
		{4683B2D0-D592-4450-A38B-3E2A892ED5C7}.Release|x64.Build.0 = Release|Any CPU
		{4683B2D0-D592-4450-A38B-3E2A892ED5C7}.Release|x86.ActiveCfg = Release|Any CPU
		{4683B2D0-D592-4450-A38B-3E2A892ED5C7}.Release|x86.Build.0 = Release|Any CPU
		{3704B434-9CA3-4632-B301-1A9D1E6ACD15}.Debug|Any CPU.ActiveCfg = Debug|Any CPU
		{3704B434-9CA3-4632-B301-1A9D1E6ACD15}.Debug|Any CPU.Build.0 = Debug|Any CPU
		{3704B434-9CA3-4632-B301-1A9D1E6ACD15}.Debug|x64.ActiveCfg = Debug|Any CPU
		{3704B434-9CA3-4632-B301-1A9D1E6ACD15}.Debug|x64.Build.0 = Debug|Any CPU
		{3704B434-9CA3-4632-B301-1A9D1E6ACD15}.Debug|x86.ActiveCfg = Debug|Any CPU
		{3704B434-9CA3-4632-B301-1A9D1E6ACD15}.Debug|x86.Build.0 = Debug|Any CPU
		{3704B434-9CA3-4632-B301-1A9D1E6ACD15}.Release|Any CPU.ActiveCfg = Release|Any CPU
		{3704B434-9CA3-4632-B301-1A9D1E6ACD15}.Release|Any CPU.Build.0 = Release|Any CPU
		{3704B434-9CA3-4632-B301-1A9D1E6ACD15}.Release|x64.ActiveCfg = Release|Any CPU
		{3704B434-9CA3-4632-B301-1A9D1E6ACD15}.Release|x64.Build.0 = Release|Any CPU
		{3704B434-9CA3-4632-B301-1A9D1E6ACD15}.Release|x86.ActiveCfg = Release|Any CPU
		{3704B434-9CA3-4632-B301-1A9D1E6ACD15}.Release|x86.Build.0 = Release|Any CPU
		{1BEF910D-EE08-4CF1-8038-7707ED3BFBAB}.Debug|Any CPU.ActiveCfg = Debug|Any CPU
		{1BEF910D-EE08-4CF1-8038-7707ED3BFBAB}.Debug|Any CPU.Build.0 = Debug|Any CPU
		{1BEF910D-EE08-4CF1-8038-7707ED3BFBAB}.Debug|x64.ActiveCfg = Debug|Any CPU
		{1BEF910D-EE08-4CF1-8038-7707ED3BFBAB}.Debug|x64.Build.0 = Debug|Any CPU
		{1BEF910D-EE08-4CF1-8038-7707ED3BFBAB}.Debug|x86.ActiveCfg = Debug|Any CPU
		{1BEF910D-EE08-4CF1-8038-7707ED3BFBAB}.Debug|x86.Build.0 = Debug|Any CPU
		{1BEF910D-EE08-4CF1-8038-7707ED3BFBAB}.Release|Any CPU.ActiveCfg = Release|Any CPU
		{1BEF910D-EE08-4CF1-8038-7707ED3BFBAB}.Release|Any CPU.Build.0 = Release|Any CPU
		{1BEF910D-EE08-4CF1-8038-7707ED3BFBAB}.Release|x64.ActiveCfg = Release|Any CPU
		{1BEF910D-EE08-4CF1-8038-7707ED3BFBAB}.Release|x64.Build.0 = Release|Any CPU
		{1BEF910D-EE08-4CF1-8038-7707ED3BFBAB}.Release|x86.ActiveCfg = Release|Any CPU
		{1BEF910D-EE08-4CF1-8038-7707ED3BFBAB}.Release|x86.Build.0 = Release|Any CPU
		{8077623B-FD2A-4DE8-9FF4-FFCB41E1B595}.Debug|Any CPU.ActiveCfg = Debug|Any CPU
		{8077623B-FD2A-4DE8-9FF4-FFCB41E1B595}.Debug|Any CPU.Build.0 = Debug|Any CPU
		{8077623B-FD2A-4DE8-9FF4-FFCB41E1B595}.Debug|x64.ActiveCfg = Debug|Any CPU
		{8077623B-FD2A-4DE8-9FF4-FFCB41E1B595}.Debug|x64.Build.0 = Debug|Any CPU
		{8077623B-FD2A-4DE8-9FF4-FFCB41E1B595}.Debug|x86.ActiveCfg = Debug|Any CPU
		{8077623B-FD2A-4DE8-9FF4-FFCB41E1B595}.Debug|x86.Build.0 = Debug|Any CPU
		{8077623B-FD2A-4DE8-9FF4-FFCB41E1B595}.Release|Any CPU.ActiveCfg = Release|Any CPU
		{8077623B-FD2A-4DE8-9FF4-FFCB41E1B595}.Release|Any CPU.Build.0 = Release|Any CPU
		{8077623B-FD2A-4DE8-9FF4-FFCB41E1B595}.Release|x64.ActiveCfg = Release|Any CPU
		{8077623B-FD2A-4DE8-9FF4-FFCB41E1B595}.Release|x64.Build.0 = Release|Any CPU
		{8077623B-FD2A-4DE8-9FF4-FFCB41E1B595}.Release|x86.ActiveCfg = Release|Any CPU
		{8077623B-FD2A-4DE8-9FF4-FFCB41E1B595}.Release|x86.Build.0 = Release|Any CPU
	EndGlobalSection
	GlobalSection(SolutionProperties) = preSolution
		HideSolutionNode = FALSE
	EndGlobalSection
	GlobalSection(NestedProjects) = preSolution
		{C3A03C28-8492-463E-B45F-DE1BCFC1CAB5} = {827E0CD3-B72D-47B6-A68D-7590B98EB39B}
		{B374EA69-3880-4D91-8AB3-9838F1C8E71A} = {827E0CD3-B72D-47B6-A68D-7590B98EB39B}
		{CD2BCF4A-52EF-4868-895E-2C35B48B5EA2} = {827E0CD3-B72D-47B6-A68D-7590B98EB39B}
		{A15E6303-6056-41E4-ADF0-F5B16F63175E} = {827E0CD3-B72D-47B6-A68D-7590B98EB39B}
		{D0DA6114-A0BB-4572-82E7-2C0EFBF88582} = {0C88DD14-F956-CE84-757C-A364CCF449FC}
		{4683B2D0-D592-4450-A38B-3E2A892ED5C7} = {0C88DD14-F956-CE84-757C-A364CCF449FC}
		{3704B434-9CA3-4632-B301-1A9D1E6ACD15} = {827E0CD3-B72D-47B6-A68D-7590B98EB39B}
		{1BEF910D-EE08-4CF1-8038-7707ED3BFBAB} = {827E0CD3-B72D-47B6-A68D-7590B98EB39B}
		{8077623B-FD2A-4DE8-9FF4-FFCB41E1B595} = {827E0CD3-B72D-47B6-A68D-7590B98EB39B}
	EndGlobalSection
EndGlobal
